PODS:
  - ProjectOxfordFace (1.4.1)
  - Stripe (14.0.0)

DEPENDENCIES:
  - ProjectOxfordFace
  - Stripe

SPEC REPOS:
  https://github.com/cocoapods/specs.git:
    - ProjectOxfordFace
    - Stripe

SPEC CHECKSUMS:
  ProjectOxfordFace: fa7d7adbc9a11203be61a6a80511101b5dbf6ce4
  Stripe: db29ad197c74aca6fb981e4e8355cf7ebd0fca5a

PODFILE CHECKSUM: bfd4fc79a99609f5fde1be0a7abb7894468dc331

COCOAPODS: 1.6.0
